hash: d2b78924e46a2f04a65b3b03ab85faf300f862f65e109c820cef48252b4f0f9d
updated: 2017-01-23T15:48:05.469367233+01:00
imports:
- name: github.com/tidwall/gjson
  version: e3f249f4fdf33c278edeb770426a6f83c954ae64
- name: github.com/tidwall/match
  version: 173748da739a410c5b0b813b956f89ff94730b4c
testImports: []
