hash: 9c834edea455d87ab4a576e0d9d1bebb5d4833f7c220fbaa65779b1c58db9a90
updated: 2017-02-16T13:20:54.370016318+01:00
imports:
- name: github.com/gorilla/context
  version: 08b5f424b9271eedf6f9f0ce86cb9396ed337a42
- name: github.com/gorilla/handlers
  version: 3a5767ca75ece5f7f1440b1d16975247f8d8b221
- name: github.com/gorilla/mux
  version: 392c28fe23e1c45ddba891b0320b3b5df220beea
- name: github.com/tidwall/gjson
  version: e3f249f4fdf33c278edeb770426a6f83c954ae64
- name: github.com/tidwall/match
  version: 173748da739a410c5b0b813b956f89ff94730b4c
testImports: []
